
Microsoft Visual Studio Solution File, Format Version 12.00
# Visual Studio Version 17
VisualStudioVersion = 17.10.35122.118
MinimumVisualStudioVersion = 10.0.40219.1
Project("{FAE04EC0-301F-11D3-BF4B-00C04F79EFBC}") = "MVPOnboarding2.Server", "MVPOnboarding2.Server\MVPOnboarding2.Server.csproj", "{B518277F-E2CD-429C-832F-A3E750E29D2E}"
EndProject
Project("{54A90642-561A-4BB1-A94E-469ADEE60C69}") = "mvponboarding2.client", "mvponboarding2.client\mvponboarding2.client.esproj", "{A12D4A04-25A8-4E38-AAEE-A27FAD26B60D}"
EndProject
Global
	GlobalSection(SolutionConfigurationPlatforms) = preSolution
		Debug|Any CPU = Debug|Any CPU
		Release|Any CPU = Release|Any CPU
	EndGlobalSection
	GlobalSection(ProjectConfigurationPlatforms) = postSolution
		{B518277F-E2CD-429C-832F-A3E750E29D2E}.Debug|Any CPU.ActiveCfg = Debug|Any CPU
		{B518277F-E2CD-429C-832F-A3E750E29D2E}.Debug|Any CPU.Build.0 = Debug|Any CPU
		{B518277F-E2CD-429C-832F-A3E750E29D2E}.Release|Any CPU.ActiveCfg = Release|Any CPU
		{B518277F-E2CD-429C-832F-A3E750E29D2E}.Release|Any CPU.Build.0 = Release|Any CPU
		{A12D4A04-25A8-4E38-AAEE-A27FAD26B60D}.Debug|Any CPU.ActiveCfg = Debug|Any CPU
		{A12D4A04-25A8-4E38-AAEE-A27FAD26B60D}.Debug|Any CPU.Build.0 = Debug|Any CPU
		{A12D4A04-25A8-4E38-AAEE-A27FAD26B60D}.Debug|Any CPU.Deploy.0 = Debug|Any CPU
		{A12D4A04-25A8-4E38-AAEE-A27FAD26B60D}.Release|Any CPU.ActiveCfg = Release|Any CPU
		{A12D4A04-25A8-4E38-AAEE-A27FAD26B60D}.Release|Any CPU.Build.0 = Release|Any CPU
		{A12D4A04-25A8-4E38-AAEE-A27FAD26B60D}.Release|Any CPU.Deploy.0 = Release|Any CPU
	EndGlobalSection
	GlobalSection(SolutionProperties) = preSolution
		HideSolutionNode = FALSE
	EndGlobalSection
	GlobalSection(ExtensibilityGlobals) = postSolution
		SolutionGuid = {E83BDFE7-5861-4BF3-9612-789EB9301147}
	EndGlobalSection
EndGlobal
